// !$*UTF8*$!
{
	archiveVersion = 1;
	classes = {
	};
	objectVersion = 50;
	objects = {

/* Begin PBXBuildFile section */
		675D3A5D2783622F00621B48 /* TopHeadlinesView.swift in Sources */ = {isa = PBXBuildFile; fileRef = 675D3A5C2783622F00621B48 /* TopHeadlinesView.swift */; };
		675D3A652783635A00621B48 /* Article.swift in Sources */ = {isa = PBXBuildFile; fileRef = 675D3A642783635A00621B48 /* Article.swift */; };
		675D3A6E2783646600621B48 /* NetworkManager.swift in Sources */ = {isa = PBXBuildFile; fileRef = 675D3A6D2783646600621B48 /* NetworkManager.swift */; };
		675D3A732783652300621B48 /* AlertItem.swift in Sources */ = {isa = PBXBuildFile; fileRef = 675D3A722783652300621B48 /* AlertItem.swift */; };
		675D3A78278368C500621B48 /* ArticleRow.swift in Sources */ = {isa = PBXBuildFile; fileRef = 675D3A77278368C500621B48 /* ArticleRow.swift */; };
		675D3A7D278368F100621B48 /* RemoteImageView.swift in Sources */ = {isa = PBXBuildFile; fileRef = 675D3A7C278368F100621B48 /* RemoteImageView.swift */; };
		67D2C909278218650092B650 /* knewsApp.swift in Sources */ = {isa = PBXBuildFile; fileRef = 67D2C908278218650092B650 /* knewsApp.swift */; };
		67D2C90B278218650092B650 /* ContentView.swift in Sources */ = {isa = PBXBuildFile; fileRef = 67D2C90A278218650092B650 /* ContentView.swift */; };
		67D2C90D278218680092B650 /* Assets.xcassets in Resources */ = {isa = PBXBuildFile; fileRef = 67D2C90C278218680092B650 /* Assets.xcassets */; };
		67D2C910278218680092B650 /* Preview Assets.xcassets in Resources */ = {isa = PBXBuildFile; fileRef = 67D2C90F278218680092B650 /* Preview Assets.xcassets */; };
		67D2C912278218680092B650 /* Persistence.swift in Sources */ = {isa = PBXBuildFile; fileRef = 67D2C911278218680092B650 /* Persistence.swift */; };
		67D2C915278218680092B650 /* knews.xcdatamodeld in Sources */ = {isa = PBXBuildFile; fileRef = 67D2C913278218680092B650 /* knews.xcdatamodeld */; };
		67D2C920278218680092B650 /* knewsTests.swift in Sources */ = {isa = PBXBuildFile; fileRef = 67D2C91F278218680092B650 /* knewsTests.swift */; };
		67D2C92B278218680092B650 /* knewsUITests.swift in Sources */ = {isa = PBXBuildFile; fileRef = 67D2C92A278218680092B650 /* knewsUITests.swift */; };
/* End PBXBuildFile section */

/* Begin PBXContainerItemProxy section */
		67D2C91C278218680092B650 /* PBXContainerItemProxy */ = {
			isa = PBXContainerItemProxy;
			containerPortal = 67D2C8FD278218650092B650 /* Project object */;
			proxyType = 1;
			remoteGlobalIDString = 67D2C904278218650092B650;
			remoteInfo = knews;
		};
		67D2C927278218680092B650 /* PBXContainerItemProxy */ = {
			isa = PBXContainerItemProxy;
			containerPortal = 67D2C8FD278218650092B650 /* Project object */;
			proxyType = 1;
			remoteGlobalIDString = 67D2C904278218650092B650;
			remoteInfo = knews;
		};
/* End PBXContainerItemProxy section */

/* Begin PBXFileReference section */
		675D3A5C2783622F00621B48 /* TopHeadlinesView.swift */ = {isa = PBXFileReference; lastKnownFileType = sourcecode.swift; path = TopHeadlinesView.swift; sourceTree = "<group>"; };
		675D3A642783635A00621B48 /* Article.swift */ = {isa = PBXFileReference; lastKnownFileType = sourcecode.swift; path = Article.swift; sourceTree = "<group>"; };
		675D3A6D2783646600621B48 /* NetworkManager.swift */ = {isa = PBXFileReference; lastKnownFileType = sourcecode.swift; path = NetworkManager.swift; sourceTree = "<group>"; };
		675D3A722783652300621B48 /* AlertItem.swift */ = {isa = PBXFileReference; lastKnownFileType = sourcecode.swift; path = AlertItem.swift; sourceTree = "<group>"; };
		675D3A77278368C500621B48 /* ArticleRow.swift */ = {isa = PBXFileReference; lastKnownFileType = sourcecode.swift; path = ArticleRow.swift; sourceTree = "<group>"; };
		675D3A7C278368F100621B48 /* RemoteImageView.swift */ = {isa = PBXFileReference; lastKnownFileType = sourcecode.swift; path = RemoteImageView.swift; sourceTree = "<group>"; };
		67D2C905278218650092B650 /* knews.app */ = {isa = PBXFileReference; explicitFileType = wrapper.application; includeInIndex = 0; path = knews.app; sourceTree = BUILT_PRODUCTS_DIR; };
		67D2C908278218650092B650 /* knewsApp.swift */ = {isa = PBXFileReference; lastKnownFileType = sourcecode.swift; path = knewsApp.swift; sourceTree = "<group>"; };
		67D2C90A278218650092B650 /* ContentView.swift */ = {isa = PBXFileReference; lastKnownFileType = sourcecode.swift; path = ContentView.swift; sourceTree = "<group>"; };
		67D2C90C278218680092B650 /* Assets.xcassets */ = {isa = PBXFileReference; lastKnownFileType = folder.assetcatalog; path = Assets.xcassets; sourceTree = "<group>"; };
		67D2C90F278218680092B650 /* Preview Assets.xcassets */ = {isa = PBXFileReference; lastKnownFileType = folder.assetcatalog; path = "Preview Assets.xcassets"; sourceTree = "<group>"; };
		67D2C911278218680092B650 /* Persistence.swift */ = {isa = PBXFileReference; lastKnownFileType = sourcecode.swift; path = Persistence.swift; sourceTree = "<group>"; };
		67D2C914278218680092B650 /* knews.xcdatamodel */ = {isa = PBXFileReference; lastKnownFileType = wrapper.xcdatamodel; path = knews.xcdatamodel; sourceTree = "<group>"; };
		67D2C916278218680092B650 /* Info.plist */ = {isa = PBXFileReference; lastKnownFileType = text.plist.xml; path = Info.plist; sourceTree = "<group>"; };
		67D2C91B278218680092B650 /* knewsTests.xctest */ = {isa = PBXFileReference; explicitFileType = wrapper.cfbundle; includeInIndex = 0; path = knewsTests.xctest; sourceTree = BUILT_PRODUCTS_DIR; };
		67D2C91F278218680092B650 /* knewsTests.swift */ = {isa = PBXFileReference; lastKnownFileType = sourcecode.swift; path = knewsTests.swift; sourceTree = "<group>"; };
		67D2C921278218680092B650 /* Info.plist */ = {isa = PBXFileReference; lastKnownFileType = text.plist.xml; path = Info.plist; sourceTree = "<group>"; };
		67D2C926278218680092B650 /* knewsUITests.xctest */ = {isa = PBXFileReference; explicitFileType = wrapper.cfbundle; includeInIndex = 0; path = knewsUITests.xctest; sourceTree = BUILT_PRODUCTS_DIR; };
		67D2C92A278218680092B650 /* knewsUITests.swift */ = {isa = PBXFileReference; lastKnownFileType = sourcecode.swift; path = knewsUITests.swift; sourceTree = "<group>"; };
		67D2C92C278218680092B650 /* Info.plist */ = {isa = PBXFileReference; lastKnownFileType = text.plist.xml; path = Info.plist; sourceTree = "<group>"; };
/* End PBXFileReference section */

/* Begin PBXFrameworksBuildPhase section */
		67D2C902278218650092B650 /* Frameworks */ = {
			isa = PBXFrameworksBuildPhase;
			buildActionMask = 2147483647;
			files = (
			);
			runOnlyForDeploymentPostprocessing = 0;
		};
		67D2C918278218680092B650 /* Frameworks */ = {
			isa = PBXFrameworksBuildPhase;
			buildActionMask = 2147483647;
			files = (
			);
			runOnlyForDeploymentPostprocessing = 0;
		};
		67D2C923278218680092B650 /* Frameworks */ = {
			isa = PBXFrameworksBuildPhase;
			buildActionMask = 2147483647;
			files = (
			);
			runOnlyForDeploymentPostprocessing = 0;
		};
/* End PBXFrameworksBuildPhase section */

/* Begin PBXGroup section */
		675D3A612783630A00621B48 /* ViewModel */ = {
			isa = PBXGroup;
			children = (
			);
			path = ViewModel;
			sourceTree = "<group>";
		};
		675D3A622783630D00621B48 /* View */ = {
			isa = PBXGroup;
			children = (
				67D2C90A278218650092B650 /* ContentView.swift */,
				675D3A5C2783622F00621B48 /* TopHeadlinesView.swift */,
				675D3A77278368C500621B48 /* ArticleRow.swift */,
			);
			path = View;
			sourceTree = "<group>";
		};
		675D3A632783631000621B48 /* Model */ = {
			isa = PBXGroup;
			children = (
				675D3A642783635A00621B48 /* Article.swift */,
			);
			path = Model;
			sourceTree = "<group>";
		};
		675D3A6C2783643700621B48 /* Utilities */ = {
			isa = PBXGroup;
			children = (
				675D3A6D2783646600621B48 /* NetworkManager.swift */,
				675D3A722783652300621B48 /* AlertItem.swift */,
				675D3A7C278368F100621B48 /* RemoteImageView.swift */,
			);
			path = Utilities;
			sourceTree = "<group>";
		};
		67D2C8FC278218650092B650 = {
			isa = PBXGroup;
			children = (
				67D2C907278218650092B650 /* knews */,
				67D2C91E278218680092B650 /* knewsTests */,
				67D2C929278218680092B650 /* knewsUITests */,
				67D2C906278218650092B650 /* Products */,
			);
			sourceTree = "<group>";
		};
		67D2C906278218650092B650 /* Products */ = {
			isa = PBXGroup;
			children = (
				67D2C905278218650092B650 /* knews.app */,
				67D2C91B278218680092B650 /* knewsTests.xctest */,
				67D2C926278218680092B650 /* knewsUITests.xctest */,
			);
			name = Products;
			sourceTree = "<group>";
		};
		67D2C907278218650092B650 /* knews */ = {
			isa = PBXGroup;
			children = (
				675D3A632783631000621B48 /* Model */,
				675D3A622783630D00621B48 /* View */,
				675D3A612783630A00621B48 /* ViewModel */,
				675D3A6C2783643700621B48 /* Utilities */,
				67D2C908278218650092B650 /* knewsApp.swift */,
				67D2C90C278218680092B650 /* Assets.xcassets */,
				67D2C911278218680092B650 /* Persistence.swift */,
				67D2C916278218680092B650 /* Info.plist */,
				67D2C913278218680092B650 /* knews.xcdatamodeld */,
				67D2C90E278218680092B650 /* Preview Content */,
			);
			path = knews;
			sourceTree = "<group>";
		};
		67D2C90E278218680092B650 /* Preview Content */ = {
			isa = PBXGroup;
			children = (
				67D2C90F278218680092B650 /* Preview Assets.xcassets */,
			);
			path = "Preview Content";
			sourceTree = "<group>";
		};
		67D2C91E278218680092B650 /* knewsTests */ = {
			isa = PBXGroup;
			children = (
				67D2C91F278218680092B650 /* knewsTests.swift */,
				67D2C921278218680092B650 /* Info.plist */,
			);
			path = knewsTests;
			sourceTree = "<group>";
		};
		67D2C929278218680092B650 /* knewsUITests */ = {
			isa = PBXGroup;
			children = (
				67D2C92A278218680092B650 /* knewsUITests.swift */,
				67D2C92C278218680092B650 /* Info.plist */,
			);
			path = knewsUITests;
			sourceTree = "<group>";
		};
/* End PBXGroup section */

/* Begin PBXNativeTarget section */
		67D2C904278218650092B650 /* knews */ = {
			isa = PBXNativeTarget;
			buildConfigurationList = 67D2C92F278218680092B650 /* Build configuration list for PBXNativeTarget "knews" */;
			buildPhases = (
				67D2C901278218650092B650 /* Sources */,
				67D2C902278218650092B650 /* Frameworks */,
				67D2C903278218650092B650 /* Resources */,
			);
			buildRules = (
			);
			dependencies = (
			);
			name = knews;
			productName = knews;
			productReference = 67D2C905278218650092B650 /* knews.app */;
			productType = "com.apple.product-type.application";
		};
		67D2C91A278218680092B650 /* knewsTests */ = {
			isa = PBXNativeTarget;
			buildConfigurationList = 67D2C932278218680092B650 /* Build configuration list for PBXNativeTarget "knewsTests" */;
			buildPhases = (
				67D2C917278218680092B650 /* Sources */,
				67D2C918278218680092B650 /* Frameworks */,
				67D2C919278218680092B650 /* Resources */,
			);
			buildRules = (
			);
			dependencies = (
				67D2C91D278218680092B650 /* PBXTargetDependency */,
			);
			name = knewsTests;
			productName = knewsTests;
			productReference = 67D2C91B278218680092B650 /* knewsTests.xctest */;
			productType = "com.apple.product-type.bundle.unit-test";
		};
		67D2C925278218680092B650 /* knewsUITests */ = {
			isa = PBXNativeTarget;
			buildConfigurationList = 67D2C935278218680092B650 /* Build configuration list for PBXNativeTarget "knewsUITests" */;
			buildPhases = (
				67D2C922278218680092B650 /* Sources */,
				67D2C923278218680092B650 /* Frameworks */,
				67D2C924278218680092B650 /* Resources */,
			);
			buildRules = (
			);
			dependencies = (
				67D2C928278218680092B650 /* PBXTargetDependency */,
			);
			name = knewsUITests;
			productName = knewsUITests;
			productReference = 67D2C926278218680092B650 /* knewsUITests.xctest */;
			productType = "com.apple.product-type.bundle.ui-testing";
		};
/* End PBXNativeTarget section */

/* Begin PBXProject section */
		67D2C8FD278218650092B650 /* Project object */ = {
			isa = PBXProject;
			attributes = {
				LastSwiftUpdateCheck = 1240;
				LastUpgradeCheck = 1240;
				TargetAttributes = {
					67D2C904278218650092B650 = {
						CreatedOnToolsVersion = 12.4;
					};
					67D2C91A278218680092B650 = {
						CreatedOnToolsVersion = 12.4;
						TestTargetID = 67D2C904278218650092B650;
					};
					67D2C925278218680092B650 = {
						CreatedOnToolsVersion = 12.4;
						TestTargetID = 67D2C904278218650092B650;
					};
				};
			};
			buildConfigurationList = 67D2C900278218650092B650 /* Build configuration list for PBXProject "knews" */;
			compatibilityVersion = "Xcode 9.3";
			developmentRegion = en;
			hasScannedForEncodings = 0;
			knownRegions = (
				en,
				Base,
			);
			mainGroup = 67D2C8FC278218650092B650;
			productRefGroup = 67D2C906278218650092B650 /* Products */;
			projectDirPath = "";
			projectRoot = "";
			targets = (
				67D2C904278218650092B650 /* knews */,
				67D2C91A278218680092B650 /* knewsTests */,
				67D2C925278218680092B650 /* knewsUITests */,
			);
		};
/* End PBXProject section */

/* Begin PBXResourcesBuildPhase section */
		67D2C903278218650092B650 /* Resources */ = {
			isa = PBXResourcesBuildPhase;
			buildActionMask = 2147483647;
			files = (
				67D2C910278218680092B650 /* Preview Assets.xcassets in Resources */,
				67D2C90D278218680092B650 /* Assets.xcassets in Resources */,
			);
			runOnlyForDeploymentPostprocessing = 0;
		};
		67D2C919278218680092B650 /* Resources */ = {
			isa = PBXResourcesBuildPhase;
			buildActionMask = 2147483647;
			files = (
			);
			runOnlyForDeploymentPostprocessing = 0;
		};
		67D2C924278218680092B650 /* Resources */ = {
			isa = PBXResourcesBuildPhase;
			buildActionMask = 2147483647;
			files = (
			);
			runOnlyForDeploymentPostprocessing = 0;
		};
/* End PBXResourcesBuildPhase section */

/* Begin PBXSourcesBuildPhase section */
		67D2C901278218650092B650 /* Sources */ = {
			isa = PBXSourcesBuildPhase;
			buildActionMask = 2147483647;
			files = (
				67D2C912278218680092B650 /* Persistence.swift in Sources */,
				675D3A732783652300621B48 /* AlertItem.swift in Sources */,
				67D2C90B278218650092B650 /* ContentView.swift in Sources */,
				675D3A652783635A00621B48 /* Article.swift in Sources */,
				675D3A6E2783646600621B48 /* NetworkManager.swift in Sources */,
				675D3A5D2783622F00621B48 /* TopHeadlinesView.swift in Sources */,
				67D2C915278218680092B650 /* knews.xcdatamodeld in Sources */,
				67D2C909278218650092B650 /* knewsApp.swift in Sources */,
				675D3A7D278368F100621B48 /* RemoteImageView.swift in Sources */,
				675D3A78278368C500621B48 /* ArticleRow.swift in Sources */,
			);
			runOnlyForDeploymentPostprocessing = 0;
		};
		67D2C917278218680092B650 /* Sources */ = {
			isa = PBXSourcesBuildPhase;
			buildActionMask = 2147483647;
			files = (
				67D2C920278218680092B650 /* knewsTests.swift in Sources */,
			);
			runOnlyForDeploymentPostprocessing = 0;
		};
		67D2C922278218680092B650 /* Sources */ = {
			isa = PBXSourcesBuildPhase;
			buildActionMask = 2147483647;
			files = (
				67D2C92B278218680092B650 /* knewsUITests.swift in Sources */,
			);
			runOnlyForDeploymentPostprocessing = 0;
		};
/* End PBXSourcesBuildPhase section */

/* Begin PBXTargetDependency section */
		67D2C91D278218680092B650 /* PBXTargetDependency */ = {
			isa = PBXTargetDependency;
			target = 67D2C904278218650092B650 /* knews */;
			targetProxy = 67D2C91C278218680092B650 /* PBXContainerItemProxy */;
		};
		67D2C928278218680092B650 /* PBXTargetDependency */ = {
			isa = PBXTargetDependency;
			target = 67D2C904278218650092B650 /* knews */;
			targetProxy = 67D2C927278218680092B650 /* PBXContainerItemProxy */;
		};
/* End PBXTargetDependency section */

/* Begin XCBuildConfiguration section */
		67D2C92D278218680092B650 /* Debug */ = {
			isa = XCBuildConfiguration;
			buildSettings = {
				ALWAYS_SEARCH_USER_PATHS = NO;
				CLANG_ANALYZER_NONNULL = YES;
				CLANG_ANALYZER_NUMBER_OBJECT_CONVERSION = YES_AGGRESSIVE;
				CLANG_CXX_LANGUAGE_STANDARD = "gnu++14";
				CLANG_CXX_LIBRARY = "libc++";
				CLANG_ENABLE_MODULES = YES;
				CLANG_ENABLE_OBJC_ARC = YES;
				CLANG_ENABLE_OBJC_WEAK = YES;
				CLANG_WARN_BLOCK_CAPTURE_AUTORELEASING = YES;
				CLANG_WARN_BOOL_CONVERSION = YES;
				CLANG_WARN_COMMA = YES;
				CLANG_WARN_CONSTANT_CONVERSION = YES;
				CLANG_WARN_DEPRECATED_OBJC_IMPLEMENTATIONS = YES;
				CLANG_WARN_DIRECT_OBJC_ISA_USAGE = YES_ERROR;
				CLANG_WARN_DOCUMENTATION_COMMENTS = YES;
				CLANG_WARN_EMPTY_BODY = YES;
				CLANG_WARN_ENUM_CONVERSION = YES;
				CLANG_WARN_INFINITE_RECURSION = YES;
				CLANG_WARN_INT_CONVERSION = YES;
				CLANG_WARN_NON_LITERAL_NULL_CONVERSION = YES;
				CLANG_WARN_OBJC_IMPLICIT_RETAIN_SELF = YES;
				CLANG_WARN_OBJC_LITERAL_CONVERSION = YES;
				CLANG_WARN_OBJC_ROOT_CLASS = YES_ERROR;
				CLANG_WARN_QUOTED_INCLUDE_IN_FRAMEWORK_HEADER = YES;
				CLANG_WARN_RANGE_LOOP_ANALYSIS = YES;
				CLANG_WARN_STRICT_PROTOTYPES = YES;
				CLANG_WARN_SUSPICIOUS_MOVE = YES;
				CLANG_WARN_UNGUARDED_AVAILABILITY = YES_AGGRESSIVE;
				CLANG_WARN_UNREACHABLE_CODE = YES;
				CLANG_WARN__DUPLICATE_METHOD_MATCH = YES;
				COPY_PHASE_STRIP = NO;
				DEBUG_INFORMATION_FORMAT = dwarf;
				ENABLE_STRICT_OBJC_MSGSEND = YES;
				ENABLE_TESTABILITY = YES;
				GCC_C_LANGUAGE_STANDARD = gnu11;
				GCC_DYNAMIC_NO_PIC = NO;
				GCC_NO_COMMON_BLOCKS = YES;
				GCC_OPTIMIZATION_LEVEL = 0;
				GCC_PREPROCESSOR_DEFINITIONS = (
					"DEBUG=1",
					"$(inherited)",
				);
				GCC_WARN_64_TO_32_BIT_CONVERSION = YES;
				GCC_WARN_ABOUT_RETURN_TYPE = YES_ERROR;
				GCC_WARN_UNDECLARED_SELECTOR = YES;
				GCC_WARN_UNINITIALIZED_AUTOS = YES_AGGRESSIVE;
				GCC_WARN_UNUSED_FUNCTION = YES;
				GCC_WARN_UNUSED_VARIABLE = YES;
				IPHONEOS_DEPLOYMENT_TARGET = 14.4;
				MTL_ENABLE_DEBUG_INFO = INCLUDE_SOURCE;
				MTL_FAST_MATH = YES;
				ONLY_ACTIVE_ARCH = YES;
				SDKROOT = iphoneos;
				SWIFT_ACTIVE_COMPILATION_CONDITIONS = DEBUG;
				SWIFT_OPTIMIZATION_LEVEL = "-Onone";
			};
			name = Debug;
		};
		67D2C92E278218680092B650 /* Release */ = {
			isa = XCBuildConfiguration;
			buildSettings = {
				ALWAYS_SEARCH_USER_PATHS = NO;
				CLANG_ANALYZER_NONNULL = YES;
				CLANG_ANALYZER_NUMBER_OBJECT_CONVERSION = YES_AGGRESSIVE;
				CLANG_CXX_LANGUAGE_STANDARD = "gnu++14";
				CLANG_CXX_LIBRARY = "libc++";
				CLANG_ENABLE_MODULES = YES;
				CLANG_ENABLE_OBJC_ARC = YES;
				CLANG_ENABLE_OBJC_WEAK = YES;
				CLANG_WARN_BLOCK_CAPTURE_AUTORELEASING = YES;
				CLANG_WARN_BOOL_CONVERSION = YES;
				CLANG_WARN_COMMA = YES;
				CLANG_WARN_CONSTANT_CONVERSION = YES;
				CLANG_WARN_DEPRECATED_OBJC_IMPLEMENTATIONS = YES;
				CLANG_WARN_DIRECT_OBJC_ISA_USAGE = YES_ERROR;
				CLANG_WARN_DOCUMENTATION_COMMENTS = YES;
				CLANG_WARN_EMPTY_BODY = YES;
				CLANG_WARN_ENUM_CONVERSION = YES;
				CLANG_WARN_INFINITE_RECURSION = YES;
				CLANG_WARN_INT_CONVERSION = YES;
				CLANG_WARN_NON_LITERAL_NULL_CONVERSION = YES;
				CLANG_WARN_OBJC_IMPLICIT_RETAIN_SELF = YES;
				CLANG_WARN_OBJC_LITERAL_CONVERSION = YES;
				CLANG_WARN_OBJC_ROOT_CLASS = YES_ERROR;
				CLANG_WARN_QUOTED_INCLUDE_IN_FRAMEWORK_HEADER = YES;
				CLANG_WARN_RANGE_LOOP_ANALYSIS = YES;
				CLANG_WARN_STRICT_PROTOTYPES = YES;
				CLANG_WARN_SUSPICIOUS_MOVE = YES;
				CLANG_WARN_UNGUARDED_AVAILABILITY = YES_AGGRESSIVE;
				CLANG_WARN_UNREACHABLE_CODE = YES;
				CLANG_WARN__DUPLICATE_METHOD_MATCH = YES;
				COPY_PHASE_STRIP = NO;
				DEBUG_INFORMATION_FORMAT = "dwarf-with-dsym";
				ENABLE_NS_ASSERTIONS = NO;
				ENABLE_STRICT_OBJC_MSGSEND = YES;
				GCC_C_LANGUAGE_STANDARD = gnu11;
				GCC_NO_COMMON_BLOCKS = YES;
				GCC_WARN_64_TO_32_BIT_CONVERSION = YES;
				GCC_WARN_ABOUT_RETURN_TYPE = YES_ERROR;
				GCC_WARN_UNDECLARED_SELECTOR = YES;
				GCC_WARN_UNINITIALIZED_AUTOS = YES_AGGRESSIVE;
				GCC_WARN_UNUSED_FUNCTION = YES;
				GCC_WARN_UNUSED_VARIABLE = YES;
				IPHONEOS_DEPLOYMENT_TARGET = 14.4;
				MTL_ENABLE_DEBUG_INFO = NO;
				MTL_FAST_MATH = YES;
				SDKROOT = iphoneos;
				SWIFT_COMPILATION_MODE = wholemodule;
				SWIFT_OPTIMIZATION_LEVEL = "-O";
				VALIDATE_PRODUCT = YES;
			};
			name = Release;
		};
		67D2C930278218680092B650 /* Debug */ = {
			isa = XCBuildConfiguration;
			buildSettings = {
				ASSETCATALOG_COMPILER_APPICON_NAME = AppIcon;
				ASSETCATALOG_COMPILER_GLOBAL_ACCENT_COLOR_NAME = AccentColor;
				CODE_SIGN_STYLE = Automatic;
				DEVELOPMENT_ASSET_PATHS = "\"knews/Preview Content\"";
				DEVELOPMENT_TEAM = P6295RT7MX;
				ENABLE_PREVIEWS = YES;
				INFOPLIST_FILE = knews/Info.plist;
				IPHONEOS_DEPLOYMENT_TARGET = 14.0;
				LD_RUNPATH_SEARCH_PATHS = (
					"$(inherited)",
					"@executable_path/Frameworks",
				);
				PRODUCT_BUNDLE_IDENTIFIER = com.vic.sukiasyan.knews;
				PRODUCT_NAME = "$(TARGET_NAME)";
				SWIFT_VERSION = 5.0;
				TARGETED_DEVICE_FAMILY = "1,2";
			};
			name = Debug;
		};
		67D2C931278218680092B650 /* Release */ = {
			isa = XCBuildConfiguration;
			buildSettings = {
				ASSETCATALOG_COMPILER_APPICON_NAME = AppIcon;
				ASSETCATALOG_COMPILER_GLOBAL_ACCENT_COLOR_NAME = AccentColor;
				CODE_SIGN_STYLE = Automatic;
				DEVELOPMENT_ASSET_PATHS = "\"knews/Preview Content\"";
				DEVELOPMENT_TEAM = P6295RT7MX;
				ENABLE_PREVIEWS = YES;
				INFOPLIST_FILE = knews/Info.plist;
				IPHONEOS_DEPLOYMENT_TARGET = 14.0;
				LD_RUNPATH_SEARCH_PATHS = (
					"$(inherited)",
					"@executable_path/Frameworks",
				);
				PRODUCT_BUNDLE_IDENTIFIER = com.vic.sukiasyan.knews;
				PRODUCT_NAME = "$(TARGET_NAME)";
				SWIFT_VERSION = 5.0;
				TARGETED_DEVICE_FAMILY = "1,2";
			};
			name = Release;
		};
		67D2C933278218680092B650 /* Debug */ = {
			isa = XCBuildConfiguration;
			buildSettings = {
				ALWAYS_EMBED_SWIFT_STANDARD_LIBRARIES = YES;
				BUNDLE_LOADER = "$(TEST_HOST)";
				CODE_SIGN_STYLE = Automatic;
				DEVELOPMENT_TEAM = P6295RT7MX;
				INFOPLIST_FILE = knewsTests/Info.plist;
				IPHONEOS_DEPLOYMENT_TARGET = 14.0;
				LD_RUNPATH_SEARCH_PATHS = (
					"$(inherited)",
					"@executable_path/Frameworks",
					"@loader_path/Frameworks",
				);
				PRODUCT_BUNDLE_IDENTIFIER = com.vic.sukiasyan.knewsTests;
				PRODUCT_NAME = "$(TARGET_NAME)";
				SWIFT_VERSION = 5.0;
				TARGETED_DEVICE_FAMILY = "1,2";
				TEST_HOST = "$(BUILT_PRODUCTS_DIR)/knews.app/knews";
			};
			name = Debug;
		};
		67D2C934278218680092B650 /* Release */ = {
			isa = XCBuildConfiguration;
			buildSettings = {
				ALWAYS_EMBED_SWIFT_STANDARD_LIBRARIES = YES;
				BUNDLE_LOADER = "$(TEST_HOST)";
				CODE_SIGN_STYLE = Automatic;
				DEVELOPMENT_TEAM = P6295RT7MX;
				INFOPLIST_FILE = knewsTests/Info.plist;
				IPHONEOS_DEPLOYMENT_TARGET = 14.0;
				LD_RUNPATH_SEARCH_PATHS = (
					"$(inherited)",
					"@executable_path/Frameworks",
					"@loader_path/Frameworks",
				);
				PRODUCT_BUNDLE_IDENTIFIER = com.vic.sukiasyan.knewsTests;
				PRODUCT_NAME = "$(TARGET_NAME)";
				SWIFT_VERSION = 5.0;
				TARGETED_DEVICE_FAMILY = "1,2";
				TEST_HOST = "$(BUILT_PRODUCTS_DIR)/knews.app/knews";
			};
			name = Release;
		};
		67D2C936278218680092B650 /* Debug */ = {
			isa = XCBuildConfiguration;
			buildSettings = {
				ALWAYS_EMBED_SWIFT_STANDARD_LIBRARIES = YES;
				CODE_SIGN_STYLE = Automatic;
				DEVELOPMENT_TEAM = P6295RT7MX;
				INFOPLIST_FILE = knewsUITests/Info.plist;
				LD_RUNPATH_SEARCH_PATHS = (
					"$(inherited)",
					"@executable_path/Frameworks",
					"@loader_path/Frameworks",
				);
				PRODUCT_BUNDLE_IDENTIFIER = com.vic.sukiasyan.knewsUITests;
				PRODUCT_NAME = "$(TARGET_NAME)";
				SWIFT_VERSION = 5.0;
				TARGETED_DEVICE_FAMILY = "1,2";
				TEST_TARGET_NAME = knews;
			};
			name = Debug;
		};
		67D2C937278218680092B650 /* Release */ = {
			isa = XCBuildConfiguration;
			buildSettings = {
				ALWAYS_EMBED_SWIFT_STANDARD_LIBRARIES = YES;
				CODE_SIGN_STYLE = Automatic;
				DEVELOPMENT_TEAM = P6295RT7MX;
				INFOPLIST_FILE = knewsUITests/Info.plist;
				LD_RUNPATH_SEARCH_PATHS = (
					"$(inherited)",
					"@executable_path/Frameworks",
					"@loader_path/Frameworks",
				);
				PRODUCT_BUNDLE_IDENTIFIER = com.vic.sukiasyan.knewsUITests;
				PRODUCT_NAME = "$(TARGET_NAME)";
				SWIFT_VERSION = 5.0;
				TARGETED_DEVICE_FAMILY = "1,2";
				TEST_TARGET_NAME = knews;
			};
			name = Release;
		};
/* End XCBuildConfiguration section */

/* Begin XCConfigurationList section */
		67D2C900278218650092B650 /* Build configuration list for PBXProject "knews" */ = {
			isa = XCConfigurationList;
			buildConfigurations = (
				67D2C92D278218680092B650 /* Debug */,
				67D2C92E278218680092B650 /* Release */,
			);
			defaultConfigurationIsVisible = 0;
			defaultConfigurationName = Release;
		};
		67D2C92F278218680092B650 /* Build configuration list for PBXNativeTarget "knews" */ = {
			isa = XCConfigurationList;
			buildConfigurations = (
				67D2C930278218680092B650 /* Debug */,
				67D2C931278218680092B650 /* Release */,
			);
			defaultConfigurationIsVisible = 0;
			defaultConfigurationName = Release;
		};
		67D2C932278218680092B650 /* Build configuration list for PBXNativeTarget "knewsTests" */ = {
			isa = XCConfigurationList;
			buildConfigurations = (
				67D2C933278218680092B650 /* Debug */,
				67D2C934278218680092B650 /* Release */,
			);
			defaultConfigurationIsVisible = 0;
			defaultConfigurationName = Release;
		};
		67D2C935278218680092B650 /* Build configuration list for PBXNativeTarget "knewsUITests" */ = {
			isa = XCConfigurationList;
			buildConfigurations = (
				67D2C936278218680092B650 /* Debug */,
				67D2C937278218680092B650 /* Release */,
			);
			defaultConfigurationIsVisible = 0;
			defaultConfigurationName = Release;
		};
/* End XCConfigurationList section */

/* Begin XCVersionGroup section */
		67D2C913278218680092B650 /* knews.xcdatamodeld */ = {
			isa = XCVersionGroup;
			children = (
				67D2C914278218680092B650 /* knews.xcdatamodel */,
			);
			currentVersion = 67D2C914278218680092B650 /* knews.xcdatamodel */;
			path = knews.xcdatamodeld;
			sourceTree = "<group>";
			versionGroupType = wrapper.xcdatamodel;
		};
/* End XCVersionGroup section */
	};
	rootObject = 67D2C8FD278218650092B650 /* Project object */;
}
